
Microsoft Visual Studio Solution File, Format Version 12.00
# Visual Studio Version 17
VisualStudioVersion = 17.2.32616.157
MinimumVisualStudioVersion = 10.0.40219.1
Project("{FAE04EC0-301F-11D3-BF4B-00C04F79EFBC}") = "JsAccounting", "JsAccounting\JsAccounting.csproj", "{9615DA35-B0F0-42D6-9203-0566FF8AA9EE}"
EndProject
Global
	GlobalSection(SolutionConfigurationPlatforms) = preSolution
		Debug|Any CPU = Debug|Any CPU
		Release|Any CPU = Release|Any CPU
	EndGlobalSection
	GlobalSection(ProjectConfigurationPlatforms) = postSolution
		{9615DA35-B0F0-42D6-9203-0566FF8AA9EE}.Debug|Any CPU.ActiveCfg = Debug|Any CPU
		{9615DA35-B0F0-42D6-9203-0566FF8AA9EE}.Debug|Any CPU.Build.0 = Debug|Any CPU
		{9615DA35-B0F0-42D6-9203-0566FF8AA9EE}.Release|Any CPU.ActiveCfg = Release|Any CPU
		{9615DA35-B0F0-42D6-9203-0566FF8AA9EE}.Release|Any CPU.Build.0 = Release|Any CPU
	EndGlobalSection
	GlobalSection(SolutionProperties) = preSolution
		HideSolutionNode = FALSE
	EndGlobalSection
	GlobalSection(ExtensibilityGlobals) = postSolution
		SolutionGuid = {C9C6235B-C188-4ADB-9903-3545CAC22F26}
	EndGlobalSection
EndGlobal
